
Microsoft Visual Studio Solution File, Format Version 12.00
# Visual Studio 15
VisualStudioVersion = 15.0.27703.2026
MinimumVisualStudioVersion = 10.0.40219.1
Project("{FAE04EC0-301F-11D3-BF4B-00C04F79EFBC}") = "homework4-2", "homework4-2\homework4-2.csproj", "{3764FC98-417E-45A5-AB33-38A90DF6452E}"
EndProject
Global
	GlobalSection(SolutionConfigurationPlatforms) = preSolution
		Debug|Any CPU = Debug|Any CPU
		Release|Any CPU = Release|Any CPU
	EndGlobalSection
	GlobalSection(ProjectConfigurationPlatforms) = postSolution
		{3764FC98-417E-45A5-AB33-38A90DF6452E}.Debug|Any CPU.ActiveCfg = Debug|Any CPU
		{3764FC98-417E-45A5-AB33-38A90DF6452E}.Debug|Any CPU.Build.0 = Debug|Any CPU
		{3764FC98-417E-45A5-AB33-38A90DF6452E}.Release|Any CPU.ActiveCfg = Release|Any CPU
		{3764FC98-417E-45A5-AB33-38A90DF6452E}.Release|Any CPU.Build.0 = Release|Any CPU
	EndGlobalSection
	GlobalSection(SolutionProperties) = preSolution
		HideSolutionNode = FALSE
	EndGlobalSection
	GlobalSection(ExtensibilityGlobals) = postSolution
		SolutionGuid = {84F9ECC1-9561-46EC-9D5C-902BE5294919}
	EndGlobalSection
EndGlobal
