
Microsoft Visual Studio Solution File, Format Version 12.00
# Visual Studio 15
VisualStudioVersion = 15.0.27703.2026
MinimumVisualStudioVersion = 10.0.40219.1
Project("{FAE04EC0-301F-11D3-BF4B-00C04F79EFBC}") = "homework6-2", "homework6-2\homework6-2.csproj", "{BB26A0EB-92EA-4879-8CD2-D03CF6905B5A}"
EndProject
Project("{FAE04EC0-301F-11D3-BF4B-00C04F79EFBC}") = "homework6-2Tests", "homework6-2Tests\homework6-2Tests.csproj", "{9B1AF818-0C18-4016-8EE5-1994E9ECC943}"
EndProject
Global
	GlobalSection(SolutionConfigurationPlatforms) = preSolution
		Debug|Any CPU = Debug|Any CPU
		Release|Any CPU = Release|Any CPU
	EndGlobalSection
	GlobalSection(ProjectConfigurationPlatforms) = postSolution
		{BB26A0EB-92EA-4879-8CD2-D03CF6905B5A}.Debug|Any CPU.ActiveCfg = Debug|Any CPU
		{BB26A0EB-92EA-4879-8CD2-D03CF6905B5A}.Debug|Any CPU.Build.0 = Debug|Any CPU
		{BB26A0EB-92EA-4879-8CD2-D03CF6905B5A}.Release|Any CPU.ActiveCfg = Release|Any CPU
		{BB26A0EB-92EA-4879-8CD2-D03CF6905B5A}.Release|Any CPU.Build.0 = Release|Any CPU
		{9B1AF818-0C18-4016-8EE5-1994E9ECC943}.Debug|Any CPU.ActiveCfg = Debug|Any CPU
		{9B1AF818-0C18-4016-8EE5-1994E9ECC943}.Debug|Any CPU.Build.0 = Debug|Any CPU
		{9B1AF818-0C18-4016-8EE5-1994E9ECC943}.Release|Any CPU.ActiveCfg = Release|Any CPU
		{9B1AF818-0C18-4016-8EE5-1994E9ECC943}.Release|Any CPU.Build.0 = Release|Any CPU
	EndGlobalSection
	GlobalSection(SolutionProperties) = preSolution
		HideSolutionNode = FALSE
	EndGlobalSection
	GlobalSection(ExtensibilityGlobals) = postSolution
		SolutionGuid = {253BC4B8-AADB-4D62-BA3F-8D9FCD2878FD}
	EndGlobalSection
EndGlobal
